apiVersion: vendir.k14s.io/v1alpha1
directories:
- contents:
  - githubRelease:
      url: https://api.github.com/repos/jetstack/cert-manager/releases/29442438
    path: upstream/cert-manager
  - manual: {}
    path: downstream
  - manual: {}
    path: config
  path: k8s/cert-manager
- contents:
  - git:
      commitTitle: Update to version 200826.073717.45b2cfe of the eduk8s operator.
      sha: 59fbb0b972c11171996883fda32541535f39da83
    path: upstream/eduk8s
  - manual: {}
    path: downstream
  - manual: {}
    path: config
  path: k8s/eduk8s
- contents:
  - git:
      commitTitle: Update Contour Docker image to v1.7.0....
      sha: c57014c9bf081485125ea538fe65eca580163072
    path: upstream/contour
  - git:
      commitTitle: 'Merge pull request #1706 from kubernetes-sigs/changelog-for-v0.7.3...'
      sha: 3a61439cd116741012026036e166008993d0d0e7
    path: upstream/external-dns
  - manual: {}
    path: downstream
  - manual: {}
    path: config
  path: k8s/ingress
- contents:
  - githubRelease:
      url: https://api.github.com/repos/knative/serving/releases/28325061
    path: upstream/serving
  - githubRelease:
      url: https://api.github.com/repos/knative-sandbox/net-contour/releases/28326148
    path: upstream/net-contour
  - githubRelease:
      url: https://api.github.com/repos/knative-sandbox/net-certmanager/releases/28326254
    path: upstream/net-certmanager
  - manual: {}
    path: downstream
  - manual: {}
    path: config
  path: k8s/knative
- contents:
  - githubRelease:
      url: https://api.github.com/repos/pivotal/kpack/releases/27343776
    path: upstream/kpack
  - manual: {}
    path: downstream
  - manual: {}
    path: config
  path: k8s/kpack
- contents:
  - manual: {}
    path: upstream
  - manual: {}
    path: downstream
  - manual: {}
    path: config
  path: k8s/kubeapps
- contents:
  - manual: {}
    path: upstream
  - manual: {}
    path: downstream
  - manual: {}
    path: config
  path: k8s/registry
- contents:
  - githubRelease:
      url: https://api.github.com/repos/tektoncd/pipeline/releases/29523427
    path: upstream/pipeline
  - githubRelease:
      url: https://api.github.com/repos/tektoncd/triggers/releases/29172094
    path: upstream/triggers
  - githubRelease:
      url: https://api.github.com/repos/tektoncd/dashboard/releases/29112372
    path: upstream/dashboard
  - manual: {}
    path: downstream
  - manual: {}
    path: config
  path: k8s/tekton
- contents:
  - git:
      commitTitle: include path in endpoint uniqueness
      sha: 8c677ac392b34e1912da2d59485841fc349017dc
    path: upstream/collector
  - git:
      commitTitle: bump proxy version
      sha: a12009736b797a193bdd3e844ab1183574112b26
    path: upstream/proxy
  - manual: {}
    path: downstream
  - manual: {}
    path: config
  path: k8s/wavefront
- contents:
  - git:
      commitTitle: Move budget location, remove logo.
      sha: 55d5d1b951edff899eb94cbacb17e8311c6ca4b6
    path: upstream/lab-container-basics
  - git:
      commitTitle: Move budget location, remove logo.
      sha: 97cd55855f1df7dc6dc73959292dfa77b045bebe
    path: upstream/lab-python-containers
  - git:
      commitTitle: Move budget location, remove logo.
      sha: 256af0eebec7b4f1449110c9b5f39785c6030bde
    path: upstream/lab-image-security
  - git:
      commitTitle: Update to latest workshop base image.
      sha: 5ba499a71c282b3294e6819e1c057e1142b9c2a3
    path: upstream/lab-k8s-fundamentals
  - git:
      commitTitle: Updated title to remove testing
      sha: 822234c1e32d6a11a4e778c55da81e0f4ae09379
    path: upstream/lab-getting-started-with-octant
  - git:
      commitTitle: Updated workshop reference
      sha: 8872cdf91eca40be0c7413324c5f2ccf15d08346
    path: upstream/lab-getting-started-with-carvel
  - git:
      commitTitle: Update to latest JDK 11 base image.
      sha: 0e9dfb55626d83f52e3641150f714b8a28ffdabd
    path: upstream/lab-spring-boot-k8s-getting-started
  - git:
      commitTitle: Add word to link
      sha: 8ae49bf14c7ade7fc943cf0c04050ab878d63ffd
    path: upstream/lab-spring-boot-k8s-probes
  - git:
      commitTitle: Add word to link
      sha: 241efaa9e882b3599b024e7e6084a4e0300653f9
    path: upstream/lab-spring-boot-k8s-skaffold
  - git:
      commitTitle: remove environment/request resources
      sha: 3018f97a96bfacb28a7119348eab90824aa131ab
    path: upstream/lab-tekton-fundamentals
  - manual: {}
    path: downstream
  - manual: {}
    path: config
  path: k8s/eduk8s-labs
kind: LockConfig
