apiVersion: vendir.k14s.io/v1alpha1
directories:
- contents:
  - githubRelease:
      url: https://api.github.com/repos/jetstack/cert-manager/releases/32307751
    path: upstream/cert-manager
  - manual: {}
    path: downstream
  - manual: {}
    path: config
  path: k8s/cert-manager
- contents:
  - git:
      commitTitle: Update to version 200921.055522.7cb980e of eduk8s operator.
      sha: dd3049d2cb9275fccfa6a89749257b97cb92f9ed
    path: upstream/eduk8s
  - manual: {}
    path: downstream
  - manual: {}
    path: config
  path: k8s/eduk8s
- contents:
  - git:
      commitTitle: Update Contour Docker image to v1.9.0....
      sha: 5eee0208e5f3963f94ec5e018a1676e0f9d4381c
    path: controller/upstream/contour
  - manual: {}
    path: controller/downstream
  - manual: {}
    path: controller/config
  - git:
      commitTitle: 'Merge pull request #1706 from kubernetes-sigs/changelog-for-v0.7.3...'
      sha: 3a61439cd116741012026036e166008993d0d0e7
    path: dns/upstream/external-dns
  - manual: {}
    path: dns/downstream
  - manual: {}
    path: dns/config
  - manual: {}
    path: certs/upstream
  - manual: {}
    path: certs/downstream
  - manual: {}
    path: certs/config
  - git:
      commitTitle: Don't copy labels from original source secret.
      sha: 457890a09a2551b9002eec73386b11a37469569f
    path: secret-operator/upstream
  - manual: {}
    path: secret-operator/downstream
  - manual: {}
    path: secret-operator/config
  path: k8s/ingress
- contents:
  - githubRelease:
      url: https://api.github.com/repos/knative/serving/releases/30501734
    path: upstream/serving
  - githubRelease:
      url: https://api.github.com/repos/knative-sandbox/net-contour/releases/29840412
    path: upstream/net-contour
  - githubRelease:
      url: https://api.github.com/repos/knative-sandbox/net-certmanager/releases/30496739
    path: upstream/net-certmanager
  - manual: {}
    path: downstream
  - manual: {}
    path: config
  path: k8s/knative
- contents:
  - githubRelease:
      url: https://api.github.com/repos/pivotal/kpack/releases/30225354
    path: upstream/kpack
  - manual: {}
    path: downstream
  - manual: {}
    path: config
  path: k8s/kpack
- contents:
  - manual: {}
    path: upstream
  - manual: {}
    path: downstream
  - manual: {}
    path: config
  path: k8s/kubeapps
- contents:
  - manual: {}
    path: upstream
  - manual: {}
    path: downstream
  - manual: {}
    path: config
  path: k8s/registry
- contents:
  - githubRelease:
      url: https://api.github.com/repos/tektoncd/pipeline/releases/27474766
    path: upstream/pipeline
  - githubRelease:
      url: https://api.github.com/repos/tektoncd/triggers/releases/27878559
    path: upstream/triggers
  - githubRelease:
      url: https://api.github.com/repos/tektoncd/dashboard/releases/28065648
    path: upstream/dashboard
  - manual: {}
    path: downstream
  - manual: {}
    path: config
  path: k8s/tekton
- contents:
  - manual: {}
    path: upstream
  - manual: {}
    path: downstream
  - manual: {}
    path: config
  path: k8s/testapp
- contents:
  - git:
      commitTitle: rename whitelist/blacklist to allow/deny-list (#73)...
      sha: 13d51af0cc004f9f144aaeef72f5709208ac82cf
    path: upstream/collector
  - git:
      commitTitle: bump proxy version
      sha: a12009736b797a193bdd3e844ab1183574112b26
    path: upstream/proxy
  - manual: {}
    path: downstream
  - manual: {}
    path: config
  path: k8s/wavefront
- contents:
  - git:
      commitTitle: Add frame to image.
      sha: 8d83484a84aa9043bcd2ff36bbc88322093ce919
    path: upstream/lab-container-basics
  - git:
      commitTitle: Move budget location, remove logo.
      sha: 97cd55855f1df7dc6dc73959292dfa77b045bebe
    path: upstream/lab-python-containers
  - git:
      commitTitle: Move budget location, remove logo.
      sha: 256af0eebec7b4f1449110c9b5f39785c6030bde
    path: upstream/lab-image-security
  - git:
      commitTitle: Update to version 201007.062234.403f0f1 of base environment workshop
        image.
      sha: 6507e67830f04d4c06f70a55d54d24f3e89cf986
    path: upstream/lab-k8s-fundamentals
  - git:
      commitTitle: Clarify that can click on any action block.
      sha: fd4557960ad5c59f92bca5a7d673cd2abc0d2e08
    path: upstream/lab-getting-started-with-octant
  - git:
      commitTitle: Minor tweaks.
      sha: 43760adceb6d034b7a53212f15f152e65a0d3668
    path: upstream/lab-getting-started-with-carvel
  - git:
      commitTitle: Fix docker guide links.
      sha: 4756b87ff094445850c3b993df27a285c21dd93b
    path: upstream/lab-spring-boot-k8s-getting-started
  - git:
      commitTitle: Fix docker guide links.
      sha: 3094d45dccd1c30b47240ec4201536a6d70c4dd0
    path: upstream/lab-spring-boot-k8s-probes
  - git:
      commitTitle: Fix docker guide links.
      sha: 2fb094170e0604f1720e3253db3bea43ddcd1e27
    path: upstream/lab-spring-boot-k8s-skaffold
  - git:
      commitTitle: Update Dockerfile
      sha: abd76ad3b86a723f568c17288a26739e916ddfa8
    path: upstream/lab-tekton-fundamentals
  - git:
      commitTitle: Delete old configuration.
      sha: 646542293f484bee0ca602c550df73cc149a9036
    path: upstream/lab-kubeapps-testing
  - manual: {}
    path: downstream
  - manual: {}
    path: config
  path: k8s/eduk8s-labs
kind: LockConfig
